
Microsoft Visual Studio Solution File, Format Version 12.00
# Visual Studio Version 17
VisualStudioVersion = 17.0.31903.59
MinimumVisualStudioVersion = 10.0.40219.1
Project("{2150E333-8FDC-42A3-9474-1A3956D46DE8}") = "src", "src", "{827E0CD3-B72D-47B6-A68D-7590B98EB39B}"
EndProject
Project("{FAE04EC0-301F-11D3-BF4B-00C04F79EFBC}") = "InvoicePlatform.Api", "src\InvoicePlatform.Api\InvoicePlatform.Api.csproj", "{52432942-AC00-4A22-948A-1988621DDCF0}"
EndProject
Project("{FAE04EC0-301F-11D3-BF4B-00C04F79EFBC}") = "InvoicePlatform.Application", "src\InvoicePlatform.Application\InvoicePlatform.Application.csproj", "{D77FE6C5-A031-4237-A128-D3820B1A15E3}"
EndProject
Project("{FAE04EC0-301F-11D3-BF4B-00C04F79EFBC}") = "InvoicePlatform.Contracts", "src\InvoicePlatform.Contracts\InvoicePlatform.Contracts.csproj", "{7DF276D4-172A-4B3B-AA3E-3A95AB3912FC}"
EndProject
Project("{FAE04EC0-301F-11D3-BF4B-00C04F79EFBC}") = "InvoicePlatform.Domain", "src\InvoicePlatform.Domain\InvoicePlatform.Domain.csproj", "{F5B31136-11FF-4210-B6E6-A73969768FE6}"
EndProject
Project("{FAE04EC0-301F-11D3-BF4B-00C04F79EFBC}") = "InvoicePlatform.Infrastructure", "src\InvoicePlatform.Infrastructure\InvoicePlatform.Infrastructure.csproj", "{BCB893F9-3B3D-4735-AAA7-D02B8894DC7F}"
EndProject
Project("{FAE04EC0-301F-11D3-BF4B-00C04F79EFBC}") = "InvoicePlatform.Worker", "src\InvoicePlatform.Worker\InvoicePlatform.Worker.csproj", "{06071E57-3AC3-4491-AF7B-3190C70A2FB2}"
EndProject
Project("{FAE04EC0-301F-11D3-BF4B-00C04F79EFBC}") = "InvoicePlatform.Domain.Tests", "tests\InvoicePlatform.Domain.Tests\InvoicePlatform.Domain.Tests.csproj", "{7457865E-BA95-417B-AAF6-C5217ABF7DD9}"
EndProject
Project("{FAE04EC0-301F-11D3-BF4B-00C04F79EFBC}") = "InvoicePlatform.Integration.Tests", "tests\InvoicePlatform.Integration.Tests\InvoicePlatform.Integration.Tests.csproj", "{CAA58A92-F399-4E53-AB44-41C5207A3AB7}"
EndProject
Global
	GlobalSection(SolutionConfigurationPlatforms) = preSolution
		Debug|Any CPU = Debug|Any CPU
		Debug|x64 = Debug|x64
		Debug|x86 = Debug|x86
		Release|Any CPU = Release|Any CPU
		Release|x64 = Release|x64
		Release|x86 = Release|x86
	EndGlobalSection
	GlobalSection(ProjectConfigurationPlatforms) = postSolution
		{52432942-AC00-4A22-948A-1988621DDCF0}.Debug|Any CPU.ActiveCfg = Debug|Any CPU
		{52432942-AC00-4A22-948A-1988621DDCF0}.Debug|Any CPU.Build.0 = Debug|Any CPU
		{52432942-AC00-4A22-948A-1988621DDCF0}.Debug|x64.ActiveCfg = Debug|Any CPU
		{52432942-AC00-4A22-948A-1988621DDCF0}.Debug|x64.Build.0 = Debug|Any CPU
		{52432942-AC00-4A22-948A-1988621DDCF0}.Debug|x86.ActiveCfg = Debug|Any CPU
		{52432942-AC00-4A22-948A-1988621DDCF0}.Debug|x86.Build.0 = Debug|Any CPU
		{52432942-AC00-4A22-948A-1988621DDCF0}.Release|Any CPU.ActiveCfg = Release|Any CPU
		{52432942-AC00-4A22-948A-1988621DDCF0}.Release|Any CPU.Build.0 = Release|Any CPU
		{52432942-AC00-4A22-948A-1988621DDCF0}.Release|x64.ActiveCfg = Release|Any CPU
		{52432942-AC00-4A22-948A-1988621DDCF0}.Release|x64.Build.0 = Release|Any CPU
		{52432942-AC00-4A22-948A-1988621DDCF0}.Release|x86.ActiveCfg = Release|Any CPU
		{52432942-AC00-4A22-948A-1988621DDCF0}.Release|x86.Build.0 = Release|Any CPU
		{D77FE6C5-A031-4237-A128-D3820B1A15E3}.Debug|Any CPU.ActiveCfg = Debug|Any CPU
		{D77FE6C5-A031-4237-A128-D3820B1A15E3}.Debug|Any CPU.Build.0 = Debug|Any CPU
		{D77FE6C5-A031-4237-A128-D3820B1A15E3}.Debug|x64.ActiveCfg = Debug|Any CPU
		{D77FE6C5-A031-4237-A128-D3820B1A15E3}.Debug|x64.Build.0 = Debug|Any CPU
		{D77FE6C5-A031-4237-A128-D3820B1A15E3}.Debug|x86.ActiveCfg = Debug|Any CPU
		{D77FE6C5-A031-4237-A128-D3820B1A15E3}.Debug|x86.Build.0 = Debug|Any CPU
		{D77FE6C5-A031-4237-A128-D3820B1A15E3}.Release|Any CPU.ActiveCfg = Release|Any CPU
		{D77FE6C5-A031-4237-A128-D3820B1A15E3}.Release|Any CPU.Build.0 = Release|Any CPU
		{D77FE6C5-A031-4237-A128-D3820B1A15E3}.Release|x64.ActiveCfg = Release|Any CPU
		{D77FE6C5-A031-4237-A128-D3820B1A15E3}.Release|x64.Build.0 = Release|Any CPU
		{D77FE6C5-A031-4237-A128-D3820B1A15E3}.Release|x86.ActiveCfg = Release|Any CPU
		{D77FE6C5-A031-4237-A128-D3820B1A15E3}.Release|x86.Build.0 = Release|Any CPU
		{7DF276D4-172A-4B3B-AA3E-3A95AB3912FC}.Debug|Any CPU.ActiveCfg = Debug|Any CPU
		{7DF276D4-172A-4B3B-AA3E-3A95AB3912FC}.Debug|Any CPU.Build.0 = Debug|Any CPU
		{7DF276D4-172A-4B3B-AA3E-3A95AB3912FC}.Debug|x64.ActiveCfg = Debug|Any CPU
		{7DF276D4-172A-4B3B-AA3E-3A95AB3912FC}.Debug|x64.Build.0 = Debug|Any CPU
		{7DF276D4-172A-4B3B-AA3E-3A95AB3912FC}.Debug|x86.ActiveCfg = Debug|Any CPU
		{7DF276D4-172A-4B3B-AA3E-3A95AB3912FC}.Debug|x86.Build.0 = Debug|Any CPU
		{7DF276D4-172A-4B3B-AA3E-3A95AB3912FC}.Release|Any CPU.ActiveCfg = Release|Any CPU
		{7DF276D4-172A-4B3B-AA3E-3A95AB3912FC}.Release|Any CPU.Build.0 = Release|Any CPU
		{7DF276D4-172A-4B3B-AA3E-3A95AB3912FC}.Release|x64.ActiveCfg = Release|Any CPU
		{7DF276D4-172A-4B3B-AA3E-3A95AB3912FC}.Release|x64.Build.0 = Release|Any CPU
		{7DF276D4-172A-4B3B-AA3E-3A95AB3912FC}.Release|x86.ActiveCfg = Release|Any CPU
		{7DF276D4-172A-4B3B-AA3E-3A95AB3912FC}.Release|x86.Build.0 = Release|Any CPU
		{F5B31136-11FF-4210-B6E6-A73969768FE6}.Debug|Any CPU.ActiveCfg = Debug|Any CPU
		{F5B31136-11FF-4210-B6E6-A73969768FE6}.Debug|Any CPU.Build.0 = Debug|Any CPU
		{F5B31136-11FF-4210-B6E6-A73969768FE6}.Debug|x64.ActiveCfg = Debug|Any CPU
		{F5B31136-11FF-4210-B6E6-A73969768FE6}.Debug|x64.Build.0 = Debug|Any CPU
		{F5B31136-11FF-4210-B6E6-A73969768FE6}.Debug|x86.ActiveCfg = Debug|Any CPU
		{F5B31136-11FF-4210-B6E6-A73969768FE6}.Debug|x86.Build.0 = Debug|Any CPU
		{F5B31136-11FF-4210-B6E6-A73969768FE6}.Release|Any CPU.ActiveCfg = Release|Any CPU
		{F5B31136-11FF-4210-B6E6-A73969768FE6}.Release|Any CPU.Build.0 = Release|Any CPU
		{F5B31136-11FF-4210-B6E6-A73969768FE6}.Release|x64.ActiveCfg = Release|Any CPU
		{F5B31136-11FF-4210-B6E6-A73969768FE6}.Release|x64.Build.0 = Release|Any CPU
		{F5B31136-11FF-4210-B6E6-A73969768FE6}.Release|x86.ActiveCfg = Release|Any CPU
		{F5B31136-11FF-4210-B6E6-A73969768FE6}.Release|x86.Build.0 = Release|Any CPU
		{BCB893F9-3B3D-4735-AAA7-D02B8894DC7F}.Debug|Any CPU.ActiveCfg = Debug|Any CPU
		{BCB893F9-3B3D-4735-AAA7-D02B8894DC7F}.Debug|Any CPU.Build.0 = Debug|Any CPU
		{BCB893F9-3B3D-4735-AAA7-D02B8894DC7F}.Debug|x64.ActiveCfg = Debug|Any CPU
		{BCB893F9-3B3D-4735-AAA7-D02B8894DC7F}.Debug|x64.Build.0 = Debug|Any CPU
		{BCB893F9-3B3D-4735-AAA7-D02B8894DC7F}.Debug|x86.ActiveCfg = Debug|Any CPU
		{BCB893F9-3B3D-4735-AAA7-D02B8894DC7F}.Debug|x86.Build.0 = Debug|Any CPU
		{BCB893F9-3B3D-4735-AAA7-D02B8894DC7F}.Release|Any CPU.ActiveCfg = Release|Any CPU
		{BCB893F9-3B3D-4735-AAA7-D02B8894DC7F}.Release|Any CPU.Build.0 = Release|Any CPU
		{BCB893F9-3B3D-4735-AAA7-D02B8894DC7F}.Release|x64.ActiveCfg = Release|Any CPU
		{BCB893F9-3B3D-4735-AAA7-D02B8894DC7F}.Release|x64.Build.0 = Release|Any CPU
		{BCB893F9-3B3D-4735-AAA7-D02B8894DC7F}.Release|x86.ActiveCfg = Release|Any CPU
		{BCB893F9-3B3D-4735-AAA7-D02B8894DC7F}.Release|x86.Build.0 = Release|Any CPU
		{06071E57-3AC3-4491-AF7B-3190C70A2FB2}.Debug|Any CPU.ActiveCfg = Debug|Any CPU
		{06071E57-3AC3-4491-AF7B-3190C70A2FB2}.Debug|Any CPU.Build.0 = Debug|Any CPU
		{06071E57-3AC3-4491-AF7B-3190C70A2FB2}.Debug|x64.ActiveCfg = Debug|Any CPU
		{06071E57-3AC3-4491-AF7B-3190C70A2FB2}.Debug|x64.Build.0 = Debug|Any CPU
		{06071E57-3AC3-4491-AF7B-3190C70A2FB2}.Debug|x86.ActiveCfg = Debug|Any CPU
		{06071E57-3AC3-4491-AF7B-3190C70A2FB2}.Debug|x86.Build.0 = Debug|Any CPU
		{06071E57-3AC3-4491-AF7B-3190C70A2FB2}.Release|Any CPU.ActiveCfg = Release|Any CPU
		{06071E57-3AC3-4491-AF7B-3190C70A2FB2}.Release|Any CPU.Build.0 = Release|Any CPU
		{06071E57-3AC3-4491-AF7B-3190C70A2FB2}.Release|x64.ActiveCfg = Release|Any CPU
		{06071E57-3AC3-4491-AF7B-3190C70A2FB2}.Release|x64.Build.0 = Release|Any CPU
		{06071E57-3AC3-4491-AF7B-3190C70A2FB2}.Release|x86.ActiveCfg = Release|Any CPU
		{06071E57-3AC3-4491-AF7B-3190C70A2FB2}.Release|x86.Build.0 = Release|Any CPU
		{7457865E-BA95-417B-AAF6-C5217ABF7DD9}.Debug|Any CPU.ActiveCfg = Debug|Any CPU
		{7457865E-BA95-417B-AAF6-C5217ABF7DD9}.Debug|Any CPU.Build.0 = Debug|Any CPU
		{7457865E-BA95-417B-AAF6-C5217ABF7DD9}.Debug|x64.ActiveCfg = Debug|Any CPU
		{7457865E-BA95-417B-AAF6-C5217ABF7DD9}.Debug|x64.Build.0 = Debug|Any CPU
		{7457865E-BA95-417B-AAF6-C5217ABF7DD9}.Debug|x86.ActiveCfg = Debug|Any CPU
		{7457865E-BA95-417B-AAF6-C5217ABF7DD9}.Debug|x86.Build.0 = Debug|Any CPU
		{7457865E-BA95-417B-AAF6-C5217ABF7DD9}.Release|Any CPU.ActiveCfg = Release|Any CPU
		{7457865E-BA95-417B-AAF6-C5217ABF7DD9}.Release|Any CPU.Build.0 = Release|Any CPU
		{7457865E-BA95-417B-AAF6-C5217ABF7DD9}.Release|x64.ActiveCfg = Release|Any CPU
		{7457865E-BA95-417B-AAF6-C5217ABF7DD9}.Release|x64.Build.0 = Release|Any CPU
		{7457865E-BA95-417B-AAF6-C5217ABF7DD9}.Release|x86.ActiveCfg = Release|Any CPU
		{7457865E-BA95-417B-AAF6-C5217ABF7DD9}.Release|x86.Build.0 = Release|Any CPU
		{CAA58A92-F399-4E53-AB44-41C5207A3AB7}.Debug|Any CPU.ActiveCfg = Debug|Any CPU
		{CAA58A92-F399-4E53-AB44-41C5207A3AB7}.Debug|Any CPU.Build.0 = Debug|Any CPU
		{CAA58A92-F399-4E53-AB44-41C5207A3AB7}.Debug|x64.ActiveCfg = Debug|Any CPU
		{CAA58A92-F399-4E53-AB44-41C5207A3AB7}.Debug|x64.Build.0 = Debug|Any CPU
		{CAA58A92-F399-4E53-AB44-41C5207A3AB7}.Debug|x86.ActiveCfg = Debug|Any CPU
		{CAA58A92-F399-4E53-AB44-41C5207A3AB7}.Debug|x86.Build.0 = Debug|Any CPU
		{CAA58A92-F399-4E53-AB44-41C5207A3AB7}.Release|Any CPU.ActiveCfg = Release|Any CPU
		{CAA58A92-F399-4E53-AB44-41C5207A3AB7}.Release|Any CPU.Build.0 = Release|Any CPU
		{CAA58A92-F399-4E53-AB44-41C5207A3AB7}.Release|x64.ActiveCfg = Release|Any CPU
		{CAA58A92-F399-4E53-AB44-41C5207A3AB7}.Release|x64.Build.0 = Release|Any CPU
		{CAA58A92-F399-4E53-AB44-41C5207A3AB7}.Release|x86.ActiveCfg = Release|Any CPU
		{CAA58A92-F399-4E53-AB44-41C5207A3AB7}.Release|x86.Build.0 = Release|Any CPU
	EndGlobalSection
	GlobalSection(SolutionProperties) = preSolution
		HideSolutionNode = FALSE
	EndGlobalSection
	GlobalSection(NestedProjects) = preSolution
		{52432942-AC00-4A22-948A-1988621DDCF0} = {827E0CD3-B72D-47B6-A68D-7590B98EB39B}
		{D77FE6C5-A031-4237-A128-D3820B1A15E3} = {827E0CD3-B72D-47B6-A68D-7590B98EB39B}
		{7DF276D4-172A-4B3B-AA3E-3A95AB3912FC} = {827E0CD3-B72D-47B6-A68D-7590B98EB39B}
		{F5B31136-11FF-4210-B6E6-A73969768FE6} = {827E0CD3-B72D-47B6-A68D-7590B98EB39B}
		{BCB893F9-3B3D-4735-AAA7-D02B8894DC7F} = {827E0CD3-B72D-47B6-A68D-7590B98EB39B}
		{06071E57-3AC3-4491-AF7B-3190C70A2FB2} = {827E0CD3-B72D-47B6-A68D-7590B98EB39B}
		{7457865E-BA95-417B-AAF6-C5217ABF7DD9} = {827E0CD3-B72D-47B6-A68D-7590B98EB39B}
		{CAA58A92-F399-4E53-AB44-41C5207A3AB7} = {827E0CD3-B72D-47B6-A68D-7590B98EB39B}
	EndGlobalSection
EndGlobal
